
Microsoft Visual Studio Solution File, Format Version 12.00
# Visual Studio Version 16
VisualStudioVersion = 16.0.31911.196
MinimumVisualStudioVersion = 10.0.40219.1
Project("{FAE04EC0-301F-11D3-BF4B-00C04F79EFBC}") = "FileGeneration", "FileGeneration\FileGeneration.csproj", "{3F8B594A-41B1-4636-95FC-C398AC123862}"
EndProject
Project("{FAE04EC0-301F-11D3-BF4B-00C04F79EFBC}") = "RecordLib", "RecordLib\RecordLib.csproj", "{33267568-218B-4259-90A8-26C3490FE10C}"
EndProject
Project("{FAE04EC0-301F-11D3-BF4B-00C04F79EFBC}") = "UnitTestProject1", "UnitTestProject1\UnitTestProject1.csproj", "{C86A0F3C-9AB7-461A-AC29-395C939D1400}"
EndProject
Global
	GlobalSection(SolutionConfigurationPlatforms) = preSolution
		Debug|Any CPU = Debug|Any CPU
		Release|Any CPU = Release|Any CPU
	EndGlobalSection
	GlobalSection(ProjectConfigurationPlatforms) = postSolution
		{3F8B594A-41B1-4636-95FC-C398AC123862}.Debug|Any CPU.ActiveCfg = Debug|Any CPU
		{3F8B594A-41B1-4636-95FC-C398AC123862}.Debug|Any CPU.Build.0 = Debug|Any CPU
		{3F8B594A-41B1-4636-95FC-C398AC123862}.Release|Any CPU.ActiveCfg = Release|Any CPU
		{3F8B594A-41B1-4636-95FC-C398AC123862}.Release|Any CPU.Build.0 = Release|Any CPU
		{33267568-218B-4259-90A8-26C3490FE10C}.Debug|Any CPU.ActiveCfg = Debug|Any CPU
		{33267568-218B-4259-90A8-26C3490FE10C}.Debug|Any CPU.Build.0 = Debug|Any CPU
		{33267568-218B-4259-90A8-26C3490FE10C}.Release|Any CPU.ActiveCfg = Release|Any CPU
		{33267568-218B-4259-90A8-26C3490FE10C}.Release|Any CPU.Build.0 = Release|Any CPU
		{C86A0F3C-9AB7-461A-AC29-395C939D1400}.Debug|Any CPU.ActiveCfg = Debug|Any CPU
		{C86A0F3C-9AB7-461A-AC29-395C939D1400}.Debug|Any CPU.Build.0 = Debug|Any CPU
		{C86A0F3C-9AB7-461A-AC29-395C939D1400}.Release|Any CPU.ActiveCfg = Release|Any CPU
		{C86A0F3C-9AB7-461A-AC29-395C939D1400}.Release|Any CPU.Build.0 = Release|Any CPU
	EndGlobalSection
	GlobalSection(SolutionProperties) = preSolution
		HideSolutionNode = FALSE
	EndGlobalSection
	GlobalSection(ExtensibilityGlobals) = postSolution
		SolutionGuid = {F23A255A-9329-4EE8-A4AD-30891843C61E}
	EndGlobalSection
EndGlobal
